
Microsoft Visual Studio Solution File, Format Version 12.00
# Visual Studio Version 17
VisualStudioVersion = 17.12.35527.113 d17.12
MinimumVisualStudioVersion = 10.0.40219.1
Project("{FAE04EC0-301F-11D3-BF4B-00C04F79EFBC}") = "GitHub_Projekt1", "GitHub_Projekt1\GitHub_Projekt1.csproj", "{310037EA-1D16-4D04-A533-1D8B227F59B8}"
EndProject
Project("{FAE04EC0-301F-11D3-BF4B-00C04F79EFBC}") = "MathLibrary", "MathLibrary\MathLibrary.csproj", "{643203ED-C12E-4412-9A03-065BE3C06D4F}"
EndProject
Global
	GlobalSection(SolutionConfigurationPlatforms) = preSolution
		Debug|Any CPU = Debug|Any CPU
		Release|Any CPU = Release|Any CPU
	EndGlobalSection
	GlobalSection(ProjectConfigurationPlatforms) = postSolution
		{310037EA-1D16-4D04-A533-1D8B227F59B8}.Debug|Any CPU.ActiveCfg = Debug|Any CPU
		{310037EA-1D16-4D04-A533-1D8B227F59B8}.Debug|Any CPU.Build.0 = Debug|Any CPU
		{310037EA-1D16-4D04-A533-1D8B227F59B8}.Release|Any CPU.ActiveCfg = Release|Any CPU
		{310037EA-1D16-4D04-A533-1D8B227F59B8}.Release|Any CPU.Build.0 = Release|Any CPU
		{643203ED-C12E-4412-9A03-065BE3C06D4F}.Debug|Any CPU.ActiveCfg = Debug|Any CPU
		{643203ED-C12E-4412-9A03-065BE3C06D4F}.Debug|Any CPU.Build.0 = Debug|Any CPU
		{643203ED-C12E-4412-9A03-065BE3C06D4F}.Release|Any CPU.ActiveCfg = Release|Any CPU
		{643203ED-C12E-4412-9A03-065BE3C06D4F}.Release|Any CPU.Build.0 = Release|Any CPU
	EndGlobalSection
	GlobalSection(SolutionProperties) = preSolution
		HideSolutionNode = FALSE
	EndGlobalSection
EndGlobal
